
Microsoft Visual Studio Solution File, Format Version 12.00
# Visual Studio Version 16
VisualStudioVersion = 16.0.30225.117
MinimumVisualStudioVersion = 10.0.40219.1
Project("{9092AA53-FB77-4645-B42D-1CCCA6BD08BD}") = "notely-rest-api", "notely-rest-api.njsproj", "{8D3125BA-FE03-4E70-B84E-C14F09E7C215}"
EndProject
Global
	GlobalSection(SolutionConfigurationPlatforms) = preSolution
		Debug|Any CPU = Debug|Any CPU
		Release|Any CPU = Release|Any CPU
	EndGlobalSection
	GlobalSection(ProjectConfigurationPlatforms) = postSolution
		{8D3125BA-FE03-4E70-B84E-C14F09E7C215}.Debug|Any CPU.ActiveCfg = Debug|Any CPU
		{8D3125BA-FE03-4E70-B84E-C14F09E7C215}.Debug|Any CPU.Build.0 = Debug|Any CPU
		{8D3125BA-FE03-4E70-B84E-C14F09E7C215}.Release|Any CPU.ActiveCfg = Release|Any CPU
		{8D3125BA-FE03-4E70-B84E-C14F09E7C215}.Release|Any CPU.Build.0 = Release|Any CPU
	EndGlobalSection
	GlobalSection(SolutionProperties) = preSolution
		HideSolutionNode = FALSE
	EndGlobalSection
	GlobalSection(ExtensibilityGlobals) = postSolution
		SolutionGuid = {7C1BAEFF-2B1D-4970-AF4C-1EB3137E3573}
	EndGlobalSection
EndGlobal
